{
  "R": {
    "Version": "4.0.3",
    "Repositories": [
      {
        "Name": "CRAN",
        "URL": "https://packagemanager.rstudio.com/all/latest"
      }
    ]
  },
  "Bioconductor": {
    "Version": "3.12"
  },
  "Packages": {
    "AnnotationDbi": {
      "Package": "AnnotationDbi",
      "Version": "1.52.0",
      "Source": "Bioconductor",
      "git_url": "https://git.bioconductor.org/packages/AnnotationDbi",
      "git_branch": "RELEASE_3_12",
      "git_last_commit": "c4e0ca9",
      "git_last_commit_date": "2020-10-27",
      "Hash": "ca5106b296b3aa6af713ce197be547c1",
      "Requirements": [
        "Biobase",
        "BiocGenerics",
        "IRanges",
        "S4Vectors"
      ]
    },
    "AnnotationHub": {
      "Package": "AnnotationHub",
      "Version": "2.22.1",
      "Source": "Bioconductor",
      "git_url": "https://git.bioconductor.org/packages/AnnotationHub",
      "git_branch": "RELEASE_3_12",
      "git_last_commit": "73fe9c7",
      "git_last_commit_date": "2021-04-16",
      "Hash": "44f52c9c9fa7f6ac22c8a4334e2a5224",
      "Requirements": [
        "AnnotationDbi",
        "BiocFileCache",
        "BiocGenerics",
        "BiocVersion",
        "S4Vectors",
        "interactiveDisplayBase",
        "rappdirs",
        "yaml"
      ]
    },
    "BSgenome": {
      "Package": "BSgenome",
      "Version": "1.58.0",
      "Source": "Bioconductor",
      "git_url": "https://git.bioconductor.org/packages/BSgenome",
      "git_branch": "RELEASE_3_12",
      "git_last_commit": "3a4926e",
      "git_last_commit_date": "2020-10-27",
      "Hash": "c8a754cd9c65c6130ea044fb9ce8977f",
      "Requirements": [
        "BiocGenerics",
        "Biostrings",
        "GenomeInfoDb",
        "GenomicRanges",
        "IRanges",
        "Rsamtools",
        "S4Vectors",
        "XVector",
        "matrixStats",
        "rtracklayer"
      ]
    },
    "Biobase": {
      "Package": "Biobase",
      "Version": "2.50.0",
      "Source": "Bioconductor",
      "git_url": "https://git.bioconductor.org/packages/Biobase",
      "git_branch": "RELEASE_3_12",
      "git_last_commit": "9927f90",
      "git_last_commit_date": "2020-10-27",
      "Hash": "f49586e579b712b7e55253aba0c9bc21",
      "Requirements": [
        "BiocGenerics"
      ]
    },
    "BiocFileCache": {
      "Package": "BiocFileCache",
      "Version": "1.14.0",
      "Source": "Bioconductor",
      "git_url": "https://git.bioconductor.org/packages/BiocFileCache",
      "git_branch": "RELEASE_3_12",
      "git_last_commit": "cdcde4b",
      "git_last_commit_date": "2020-10-27",
      "Hash": "1b129af4e6ee37b16d4d424aebed81f7",
      "Requirements": [
        "rappdirs"
      ]
    },
    "BiocGenerics": {
      "Package": "BiocGenerics",
      "Version": "0.36.1",
      "Source": "Bioconductor",
      "git_url": "https://git.bioconductor.org/packages/BiocGenerics",
      "git_branch": "RELEASE_3_12",
      "git_last_commit": "0b1c4b9",
      "git_last_commit_date": "2021-04-16",
      "Hash": "f628c51eadc74ffd838b801cd22d589a",
      "Requirements": []
    },
    "BiocParallel": {
      "Package": "BiocParallel",
      "Version": "1.24.1",
      "Source": "Bioconductor",
      "git_url": "https://git.bioconductor.org/packages/BiocParallel",
      "git_branch": "RELEASE_3_12",
      "git_last_commit": "f713caa",
      "git_last_commit_date": "2020-11-06",
      "Hash": "338a72852f019b3b51ae87dc82391eb3",
      "Requirements": [
        "futile.logger",
        "snow"
      ]
    },
    "BiocVersion": {
      "Package": "BiocVersion",
      "Version": "3.12.0",
      "Source": "Bioconductor",
      "git_url": "https://git.bioconductor.org/packages/BiocVersion",
      "git_branch": "master",
      "git_last_commit": "23b9719",
      "git_last_commit_date": "2020-04-27",
      "Hash": "ee4d027afb8f52fec1f46b9f0a8660e9",
      "Requirements": []
    },
    "Biostrings": {
      "Package": "Biostrings",
      "Version": "2.58.0",
      "Source": "Bioconductor",
      "git_url": "https://git.bioconductor.org/packages/Biostrings",
      "git_branch": "RELEASE_3_12",
      "git_last_commit": "0ec1a54",
      "git_last_commit_date": "2020-10-27",
      "Hash": "7025417314cfb2f1be19919998874466",
      "Requirements": [
        "BiocGenerics",
        "IRanges",
        "S4Vectors",
        "XVector"
      ]
    },
    "DelayedArray": {
      "Package": "DelayedArray",
      "Version": "0.16.3",
      "Source": "Bioconductor",
      "git_url": "https://git.bioconductor.org/packages/DelayedArray",
      "git_branch": "RELEASE_3_12",
      "git_last_commit": "42c3398",
      "git_last_commit_date": "2021-03-23",
      "Hash": "a87d32010153cba996c97fe2a52403e6",
      "Requirements": [
        "BiocGenerics",
        "IRanges",
        "MatrixGenerics",
        "S4Vectors"
      ]
    },
    "GenomeInfoDb": {
      "Package": "GenomeInfoDb",
      "Version": "1.26.7",
      "Source": "Bioconductor",
      "git_url": "https://git.bioconductor.org/packages/GenomeInfoDb",
      "git_branch": "RELEASE_3_12",
      "git_last_commit": "6bef593",
      "git_last_commit_date": "2021-04-08",
      "Hash": "b8b4dfceea20ddae8893aa4ccb242dea",
      "Requirements": [
        "BiocGenerics",
        "GenomeInfoDbData",
        "IRanges",
        "RCurl",
        "S4Vectors"
      ]
    },
    "GenomeInfoDbData": {
      "Package": "GenomeInfoDbData",
      "Version": "1.2.4",
      "Source": "Bioconductor",
      "Hash": "8e9c39ceac5f1d98d3267541853fca31",
      "Requirements": []
    },
    "GenomicAlignments": {
      "Package": "GenomicAlignments",
      "Version": "1.26.0",
      "Source": "Bioconductor",
      "git_url": "https://git.bioconductor.org/packages/GenomicAlignments",
      "git_branch": "RELEASE_3_12",
      "git_last_commit": "6c74c74",
      "git_last_commit_date": "2020-10-27",
      "Hash": "b39d47616678079df56fb8fcf07c707d",
      "Requirements": [
        "BiocGenerics",
        "BiocParallel",
        "Biostrings",
        "GenomeInfoDb",
        "GenomicRanges",
        "IRanges",
        "Rsamtools",
        "S4Vectors",
        "SummarizedExperiment"
      ]
    },
    "GenomicFeatures": {
      "Package": "GenomicFeatures",
      "Version": "1.42.3",
      "Source": "Bioconductor",
      "git_url": "https://git.bioconductor.org/packages/GenomicFeatures",
      "git_branch": "RELEASE_3_12",
      "git_last_commit": "9ce5435",
      "git_last_commit_date": "2021-03-31",
      "Hash": "6dc0d423611db813aa38c2a9fbe56426",
      "Requirements": [
        "AnnotationDbi",
        "Biobase",
        "BiocGenerics",
        "Biostrings",
        "GenomeInfoDb",
        "GenomicRanges",
        "IRanges",
        "RCurl",
        "S4Vectors",
        "XVector",
        "biomaRt",
        "rtracklayer"
      ]
    },
    "GenomicRanges": {
      "Package": "GenomicRanges",
      "Version": "1.42.0",
      "Source": "Bioconductor",
      "git_url": "https://git.bioconductor.org/packages/GenomicRanges",
      "git_branch": "RELEASE_3_12",
      "git_last_commit": "32baca7",
      "git_last_commit_date": "2020-10-27",
      "Hash": "2826edf1a5ff7d6ce991ec5ed918ec5f",
      "Requirements": [
        "BiocGenerics",
        "GenomeInfoDb",
        "IRanges",
        "S4Vectors",
        "XVector"
      ]
    },
    "IRanges": {
      "Package": "IRanges",
      "Version": "2.24.1",
      "Source": "Bioconductor",
      "git_url": "https://git.bioconductor.org/packages/IRanges",
      "git_branch": "RELEASE_3_12",
      "git_last_commit": "6c61fdd",
      "git_last_commit_date": "2020-12-11",
      "Hash": "21b3bc3dfb55cb9501c5f3413b35388c",
      "Requirements": [
        "BiocGenerics",
        "S4Vectors"
      ]
    },
    "MatrixGenerics": {
      "Package": "MatrixGenerics",
      "Version": "1.2.1",
      "Source": "Bioconductor",
      "git_url": "https://git.bioconductor.org/packages/MatrixGenerics",
      "git_branch": "RELEASE_3_12",
      "git_last_commit": "abcc9ca",
      "git_last_commit_date": "2021-01-29",
      "Hash": "fbae799fc848a8599a46a3adfe8a975a",
      "Requirements": [
        "matrixStats"
      ]
    },
    "RCurl": {
      "Package": "RCurl",
      "Version": "1.98-1.9",
      "Source": "Repository",
      "Repository": "RSPM",
      "Hash": "ea2f19dade6bd911b29b9bbb115d08f6",
      "Requirements": [
        "bitops"
      ]
    },
    "Rhtslib": {
      "Package": "Rhtslib",
      "Version": "1.22.0",
      "Source": "Bioconductor",
      "git_url": "https://git.bioconductor.org/packages/Rhtslib",
      "git_branch": "RELEASE_3_12",
      "git_last_commit": "899b79f",
      "git_last_commit_date": "2020-10-27",
      "Hash": "bc1c8c2d34d2649ff80c22237c3a03ed",
      "Requirements": [
        "zlibbioc"
      ]
    },
    "Rsamtools": {
      "Package": "Rsamtools",
      "Version": "2.6.0",
      "Source": "Bioconductor",
      "git_url": "https://git.bioconductor.org/packages/Rsamtools",
      "git_branch": "RELEASE_3_12",
      "git_last_commit": "f2aea06",
      "git_last_commit_date": "2020-10-27",
      "Hash": "7d5b0ec921f85730aafe82f0f94f76c0",
      "Requirements": [
        "BiocGenerics",
        "BiocParallel",
        "Biostrings",
        "GenomeInfoDb",
        "GenomicRanges",
        "IRanges",
        "Rhtslib",
        "S4Vectors",
        "XVector",
        "bitops",
        "zlibbioc"
      ]
    },
    "S4Vectors": {
      "Package": "S4Vectors",
      "Version": "0.28.1",
      "Source": "Bioconductor",
      "git_url": "https://git.bioconductor.org/packages/S4Vectors",
      "git_branch": "RELEASE_3_12",
      "git_last_commit": "994cb7e",
      "git_last_commit_date": "2020-12-08",
      "Hash": "f558c55a285751bd72af11d2bb853521",
      "Requirements": [
        "BiocGenerics"
      ]
    },
    "SummarizedExperiment": {
      "Package": "SummarizedExperiment",
      "Version": "1.20.0",
      "Source": "Bioconductor",
      "git_url": "https://git.bioconductor.org/packages/SummarizedExperiment",
      "git_branch": "RELEASE_3_12",
      "git_last_commit": "874aa87",
      "git_last_commit_date": "2020-10-27",
      "Hash": "2da24c5f66521d18cff602d324834b20",
      "Requirements": [
        "Biobase",
        "BiocGenerics",
        "DelayedArray",
        "GenomeInfoDb",
        "GenomicRanges",
        "IRanges",
        "MatrixGenerics",
        "S4Vectors"
      ]
    },
    "XML": {
      "Package": "XML",
      "Version": "3.99-0.13",
      "Source": "Repository",
      "Repository": "RSPM",
      "Hash": "8b4dce3d0f7b7c6ca7501d53e68a1bf5",
      "Requirements": []
    },
    "XVector": {
      "Package": "XVector",
      "Version": "0.30.0",
      "Source": "Bioconductor",
      "git_url": "https://git.bioconductor.org/packages/XVector",
      "git_branch": "RELEASE_3_12",
      "git_last_commit": "985e963",
      "git_last_commit_date": "2020-10-27",
      "Hash": "9bd9f991fb4ecde6adeff2fa2e401cc5",
      "Requirements": [
        "BiocGenerics",
        "IRanges",
        "S4Vectors",
        "zlibbioc"
      ]
    },
    "annotatr": {
      "Package": "annotatr",
      "Version": "1.16.0",
      "Source": "Bioconductor",
      "git_url": "https://git.bioconductor.org/packages/annotatr",
      "git_branch": "RELEASE_3_12",
      "git_last_commit": "e5b2b37",
      "git_last_commit_date": "2020-10-27",
      "Hash": "52fc0977ddb8bbe57f80a8b0ca2eac8f",
      "Requirements": [
        "AnnotationDbi",
        "AnnotationHub",
        "GenomeInfoDb",
        "GenomicFeatures",
        "GenomicRanges",
        "IRanges",
        "S4Vectors",
        "regioneR",
        "reshape2",
        "rtracklayer"
      ]
    },
    "base64enc": {
      "Package": "base64enc",
      "Version": "0.1-3",
      "Source": "Repository",
      "Repository": "RSPM",
      "Hash": "543776ae6848fde2f48ff3816d0628bc",
      "Requirements": []
    },
    "biomaRt": {
      "Package": "biomaRt",
      "Version": "2.46.3",
      "Source": "Bioconductor",
      "git_url": "https://git.bioconductor.org/packages/biomaRt",
      "git_branch": "RELEASE_3_12",
      "git_last_commit": "607b632",
      "git_last_commit_date": "2021-02-08",
      "Hash": "1dba821d9a19d3b70fa324cab2fb4d0b",
      "Requirements": [
        "AnnotationDbi",
        "BiocFileCache",
        "XML",
        "rappdirs",
        "stringr"
      ]
    },
    "bitops": {
      "Package": "bitops",
      "Version": "1.0-7",
      "Source": "Repository",
      "Repository": "RSPM",
      "Hash": "b7d8d8ee39869c18d8846a184dd8a1af",
      "Requirements": []
    },
    "digest": {
      "Package": "digest",
      "Version": "0.6.27",
      "Source": "Repository",
      "Repository": "RSPM",
      "Hash": "a0cbe758a531d054b537d16dff4d58a1",
      "Requirements": []
    },
    "evaluate": {
      "Package": "evaluate",
      "Version": "0.14",
      "Source": "Repository",
      "Repository": "RSPM",
      "Hash": "ec8ca05cffcc70569eaaad8469d2a3a7",
      "Requirements": []
    },
    "formatR": {
      "Package": "formatR",
      "Version": "1.13",
      "Source": "Repository",
      "Repository": "RSPM",
      "Hash": "93a7b3306d291ae1116008e31fc114b5",
      "Requirements": []
    },
    "futile.logger": {
      "Package": "futile.logger",
      "Version": "1.4.3",
      "Source": "Repository",
      "Repository": "RSPM",
      "Hash": "99f0ace8c05ec7d3683d27083c4f1e7e",
      "Requirements": [
        "futile.options",
        "lambda.r"
      ]
    },
    "futile.options": {
      "Package": "futile.options",
      "Version": "1.0.1",
      "Source": "Repository",
      "Repository": "RSPM",
      "Hash": "0d9bf02413ddc2bbe8da9ce369dcdd2b",
      "Requirements": []
    },
    "glue": {
      "Package": "glue",
      "Version": "1.4.2",
      "Source": "Repository",
      "Repository": "RSPM",
      "Hash": "6efd734b14c6471cfe443345f3e35e29",
      "Requirements": []
    },
    "highr": {
      "Package": "highr",
      "Version": "0.8",
      "Source": "Repository",
      "Repository": "RSPM",
      "Hash": "4dc5bb88961e347a0f4d8aad597cbfac",
      "Requirements": []
    },
    "htmltools": {
      "Package": "htmltools",
      "Version": "0.5.0",
      "Source": "Repository",
      "Repository": "RSPM",
      "Hash": "7d651b7131794fe007b1ad6f21aaa401",
      "Requirements": [
        "base64enc",
        "digest",
        "rlang"
      ]
    },
    "interactiveDisplayBase": {
      "Package": "interactiveDisplayBase",
      "Version": "1.28.0",
      "Source": "Bioconductor",
      "git_url": "https://git.bioconductor.org/packages/interactiveDisplayBase",
      "git_branch": "RELEASE_3_12",
      "git_last_commit": "a74c02c",
      "git_last_commit_date": "2020-10-27",
      "Hash": "94d61fec87eb3c8263856357f14beefb",
      "Requirements": [
        "BiocGenerics"
      ]
    },
    "jsonlite": {
      "Package": "jsonlite",
      "Version": "1.7.1",
      "Source": "Repository",
      "Repository": "RSPM",
      "Hash": "1ec84e070b88b37ed169f19def40d47c",
      "Requirements": []
    },
    "knitr": {
      "Package": "knitr",
      "Version": "1.30",
      "Source": "Repository",
      "Repository": "RSPM",
      "Hash": "eed7ee0d02eee88d53881cdc92457c62",
      "Requirements": [
        "evaluate",
        "highr",
        "markdown",
        "stringr",
        "xfun",
        "yaml"
      ]
    },
    "lambda.r": {
      "Package": "lambda.r",
      "Version": "1.2.4",
      "Source": "Repository",
      "Repository": "RSPM",
      "Hash": "b1e925c4b9ffeb901bacf812cbe9a6ad",
      "Requirements": [
        "formatR"
      ]
    },
    "magrittr": {
      "Package": "magrittr",
      "Version": "2.0.1",
      "Source": "Repository",
      "Repository": "RSPM",
      "Hash": "41287f1ac7d28a92f0a286ed507928d3",
      "Requirements": []
    },
    "markdown": {
      "Package": "markdown",
      "Version": "1.1",
      "Source": "Repository",
      "Repository": "RSPM",
      "Hash": "61e4a10781dd00d7d81dd06ca9b94e95",
      "Requirements": [
        "mime",
        "xfun"
      ]
    },
    "matrixStats": {
      "Package": "matrixStats",
      "Version": "0.63.0",
      "Source": "Repository",
      "Repository": "RSPM",
      "Hash": "57af0c3da1f1a50680b186591c3359af",
      "Requirements": []
    },
    "mime": {
      "Package": "mime",
      "Version": "0.9",
      "Source": "Repository",
      "Repository": "RSPM",
      "Hash": "e87a35ec73b157552814869f45a63aa3",
      "Requirements": []
    },
    "plyr": {
      "Package": "plyr",
      "Version": "1.8.8",
      "Source": "Repository",
      "Repository": "RSPM",
      "Hash": "d744387aef9047b0b48be2933d78e862",
      "Requirements": []
    },
    "rappdirs": {
      "Package": "rappdirs",
      "Version": "0.3.3",
      "Source": "Repository",
      "Repository": "RSPM",
      "Hash": "5e3c5dc0b071b21fa128676560dbe94d",
      "Requirements": []
    },
    "regioneR": {
      "Package": "regioneR",
      "Version": "1.22.0",
      "Source": "Bioconductor",
      "git_url": "https://git.bioconductor.org/packages/regioneR",
      "git_branch": "RELEASE_3_12",
      "git_last_commit": "fb28e1a",
      "git_last_commit_date": "2020-10-27",
      "Hash": "02d4dcfa64dd0efcf8c48609d351d266",
      "Requirements": [
        "BSgenome",
        "Biostrings",
        "GenomeInfoDb",
        "GenomicRanges",
        "IRanges",
        "S4Vectors",
        "rtracklayer"
      ]
    },
    "renv": {
      "Package": "renv",
      "Version": "0.14.0-148",
      "Source": "Repository",
      "Repository": "CRAN",
      "Hash": "b9a90afa8efa9ab93e9ff9e94b2a438d",
      "Requirements": []
    },
    "reshape2": {
      "Package": "reshape2",
      "Version": "1.4.4",
      "Source": "Repository",
      "Repository": "RSPM",
      "Hash": "bb5996d0bd962d214a11140d77589917",
      "Requirements": [
        "plyr",
        "stringr"
      ]
    },
    "rlang": {
      "Package": "rlang",
      "Version": "0.4.9",
      "Source": "Repository",
      "Repository": "RSPM",
      "Hash": "9d7aba7bed9a79e2403b4777428a2b12",
      "Requirements": []
    },
    "rmarkdown": {
      "Package": "rmarkdown",
      "Version": "2.5",
      "Source": "Repository",
      "Repository": "RSPM",
      "Hash": "20a0a94af9e8f7040510447763aab3e9",
      "Requirements": [
        "evaluate",
        "htmltools",
        "jsonlite",
        "knitr",
        "stringr",
        "tinytex",
        "xfun",
        "yaml"
      ]
    },
    "rtracklayer": {
      "Package": "rtracklayer",
      "Version": "1.50.0",
      "Source": "Bioconductor",
      "git_url": "https://git.bioconductor.org/packages/rtracklayer",
      "git_branch": "RELEASE_3_12",
      "git_last_commit": "d2e61f7",
      "git_last_commit_date": "2020-10-27",
      "Hash": "3905c00eda8f95ab761abc0978ffa19d",
      "Requirements": [
        "BiocGenerics",
        "Biostrings",
        "GenomeInfoDb",
        "GenomicAlignments",
        "GenomicRanges",
        "IRanges",
        "RCurl",
        "Rsamtools",
        "S4Vectors",
        "XML",
        "XVector",
        "zlibbioc"
      ]
    },
    "snow": {
      "Package": "snow",
      "Version": "0.4-4",
      "Source": "Repository",
      "Repository": "RSPM",
      "Hash": "40b74690debd20c57d93d8c246b305d4",
      "Requirements": []
    },
    "stringi": {
      "Package": "stringi",
      "Version": "1.5.3",
      "Source": "Repository",
      "Repository": "RSPM",
      "Hash": "a063ebea753c92910a4cca7b18bc1f05",
      "Requirements": []
    },
    "stringr": {
      "Package": "stringr",
      "Version": "1.4.0",
      "Source": "Repository",
      "Repository": "RSPM",
      "Hash": "0759e6b6c0957edb1311028a49a35e76",
      "Requirements": [
        "glue",
        "magrittr",
        "stringi"
      ]
    },
    "tinytex": {
      "Package": "tinytex",
      "Version": "0.27",
      "Source": "Repository",
      "Repository": "RSPM",
      "Hash": "264b4a31d35bb6833566a7763356ab63",
      "Requirements": [
        "xfun"
      ]
    },
    "xfun": {
      "Package": "xfun",
      "Version": "0.19",
      "Source": "Repository",
      "Repository": "RSPM",
      "Hash": "a42372606cb76f34da9d090326e9f955",
      "Requirements": []
    },
    "yaml": {
      "Package": "yaml",
      "Version": "2.2.1",
      "Source": "Repository",
      "Repository": "RSPM",
      "Hash": "2826c5d9efb0a88f657c7a679c7106db",
      "Requirements": []
    },
    "zlibbioc": {
      "Package": "zlibbioc",
      "Version": "1.36.0",
      "Source": "Bioconductor",
      "git_url": "https://git.bioconductor.org/packages/zlibbioc",
      "git_branch": "RELEASE_3_12",
      "git_last_commit": "62e888c",
      "git_last_commit_date": "2020-10-27",
      "Hash": "effcbe90f6986ca6f81ce4d67db7238b",
      "Requirements": []
    }
  }
}
